
Microsoft Visual Studio Solution File, Format Version 12.00
# Visual Studio 15
VisualStudioVersion = 15.0.28307.168
MinimumVisualStudioVersion = 10.0.40219.1
Project("{FAE04EC0-301F-11D3-BF4B-00C04F79EFBC}") = "CDSPractical", "CDSPractical\CDSPractical.csproj", "{2013F5AD-CA6B-43B6-8FFD-81F77944FE79}"
EndProject
Project("{FAE04EC0-301F-11D3-BF4B-00C04F79EFBC}") = "CDSPracticalTests", "CDSPracticalTests\CDSPracticalTests.csproj", "{FD50B9EE-F1A6-4682-9A26-CE4E67F459DE}"
EndProject
Global
	GlobalSection(SolutionConfigurationPlatforms) = preSolution
		Debug|Any CPU = Debug|Any CPU
		Release|Any CPU = Release|Any CPU
	EndGlobalSection
	GlobalSection(ProjectConfigurationPlatforms) = postSolution
		{2013F5AD-CA6B-43B6-8FFD-81F77944FE79}.Debug|Any CPU.ActiveCfg = Debug|Any CPU
		{2013F5AD-CA6B-43B6-8FFD-81F77944FE79}.Debug|Any CPU.Build.0 = Debug|Any CPU
		{2013F5AD-CA6B-43B6-8FFD-81F77944FE79}.Release|Any CPU.ActiveCfg = Release|Any CPU
		{2013F5AD-CA6B-43B6-8FFD-81F77944FE79}.Release|Any CPU.Build.0 = Release|Any CPU
		{FD50B9EE-F1A6-4682-9A26-CE4E67F459DE}.Debug|Any CPU.ActiveCfg = Debug|Any CPU
		{FD50B9EE-F1A6-4682-9A26-CE4E67F459DE}.Debug|Any CPU.Build.0 = Debug|Any CPU
		{FD50B9EE-F1A6-4682-9A26-CE4E67F459DE}.Release|Any CPU.ActiveCfg = Release|Any CPU
		{FD50B9EE-F1A6-4682-9A26-CE4E67F459DE}.Release|Any CPU.Build.0 = Release|Any CPU
	EndGlobalSection
	GlobalSection(SolutionProperties) = preSolution
		HideSolutionNode = FALSE
	EndGlobalSection
	GlobalSection(ExtensibilityGlobals) = postSolution
		SolutionGuid = {CCCC0669-B31F-47D2-9D02-7AA0B11E319E}
	EndGlobalSection
EndGlobal
